// !$*UTF8*$!
{
	archiveVersion = 1;
	classes = {
	};
	objectVersion = 55;
	objects = {

/* Begin PBXBuildFile section */
		C9076817285355FC00EB1C28 /* Assets.xcassets in Resources */ = {isa = PBXBuildFile; fileRef = C9076816285355FC00EB1C28 /* Assets.xcassets */; };
		C907681D285355FD00EB1C28 /* BCCAppExtension MessagesExtension.appex in Embed App Extensions */ = {isa = PBXBuildFile; fileRef = C907681C285355FD00EB1C28 /* BCCAppExtension MessagesExtension.appex */; settings = {ATTRIBUTES = (RemoveHeadersOnCopy, ); }; };
		C9076822285355FD00EB1C28 /* Messages.framework in Frameworks */ = {isa = PBXBuildFile; fileRef = C9076821285355FD00EB1C28 /* Messages.framework */; };
		C9076825285355FD00EB1C28 /* MessagesViewController.swift in Sources */ = {isa = PBXBuildFile; fileRef = C9076824285355FD00EB1C28 /* MessagesViewController.swift */; };
		C9076828285355FD00EB1C28 /* MainInterface.storyboard in Resources */ = {isa = PBXBuildFile; fileRef = C9076826285355FD00EB1C28 /* MainInterface.storyboard */; };
		C907682A285355FD00EB1C28 /* Assets.xcassets in Resources */ = {isa = PBXBuildFile; fileRef = C9076829285355FD00EB1C28 /* Assets.xcassets */; };
/* End PBXBuildFile section */

/* Begin PBXContainerItemProxy section */
		C907681E285355FD00EB1C28 /* PBXContainerItemProxy */ = {
			isa = PBXContainerItemProxy;
			containerPortal = C907680D285355FC00EB1C28 /* Project object */;
			proxyType = 1;
			remoteGlobalIDString = C907681B285355FD00EB1C28;
			remoteInfo = "BCCAppExtension MessagesExtension";
		};
/* End PBXContainerItemProxy section */

/* Begin PBXCopyFilesBuildPhase section */
		C9076831285355FD00EB1C28 /* Embed App Extensions */ = {
			isa = PBXCopyFilesBuildPhase;
			buildActionMask = 2147483647;
			dstPath = "";
			dstSubfolderSpec = 13;
			files = (
				C907681D285355FD00EB1C28 /* BCCAppExtension MessagesExtension.appex in Embed App Extensions */,
			);
			name = "Embed App Extensions";
			runOnlyForDeploymentPostprocessing = 0;
		};
/* End PBXCopyFilesBuildPhase section */

/* Begin PBXFileReference section */
		C9076813285355FC00EB1C28 /* BCCAppExtension.app */ = {isa = PBXFileReference; explicitFileType = wrapper.application; includeInIndex = 0; path = BCCAppExtension.app; sourceTree = BUILT_PRODUCTS_DIR; };
		C9076816285355FC00EB1C28 /* Assets.xcassets */ = {isa = PBXFileReference; lastKnownFileType = folder.assetcatalog; path = Assets.xcassets; sourceTree = "<group>"; };
		C907681C285355FD00EB1C28 /* BCCAppExtension MessagesExtension.appex */ = {isa = PBXFileReference; explicitFileType = "wrapper.app-extension"; includeInIndex = 0; path = "BCCAppExtension MessagesExtension.appex"; sourceTree = BUILT_PRODUCTS_DIR; };
		C9076821285355FD00EB1C28 /* Messages.framework */ = {isa = PBXFileReference; lastKnownFileType = wrapper.framework; name = Messages.framework; path = System/Library/Frameworks/Messages.framework; sourceTree = SDKROOT; };
		C9076824285355FD00EB1C28 /* MessagesViewController.swift */ = {isa = PBXFileReference; lastKnownFileType = sourcecode.swift; path = MessagesViewController.swift; sourceTree = "<group>"; };
		C9076827285355FD00EB1C28 /* Base */ = {isa = PBXFileReference; lastKnownFileType = file.storyboard; name = Base; path = Base.lproj/MainInterface.storyboard; sourceTree = "<group>"; };
		C9076829285355FD00EB1C28 /* Assets.xcassets */ = {isa = PBXFileReference; lastKnownFileType = folder.assetcatalog; path = Assets.xcassets; sourceTree = "<group>"; };
		C907682B285355FD00EB1C28 /* Info.plist */ = {isa = PBXFileReference; lastKnownFileType = text.plist.xml; path = Info.plist; sourceTree = "<group>"; };
		C90768352853565900EB1C28 /* BCCAppExtension MessagesExtension.entitlements */ = {isa = PBXFileReference; lastKnownFileType = text.plist.entitlements; path = "BCCAppExtension MessagesExtension.entitlements"; sourceTree = "<group>"; };
/* End PBXFileReference section */

/* Begin PBXFrameworksBuildPhase section */
		C9076819285355FD00EB1C28 /* Frameworks */ = {
			isa = PBXFrameworksBuildPhase;
			buildActionMask = 2147483647;
			files = (
				C9076822285355FD00EB1C28 /* Messages.framework in Frameworks */,
			);
			runOnlyForDeploymentPostprocessing = 0;
		};
/* End PBXFrameworksBuildPhase section */

/* Begin PBXGroup section */
		C907680C285355FC00EB1C28 = {
			isa = PBXGroup;
			children = (
				C9076815285355FC00EB1C28 /* BCCAppExtension */,
				C9076823285355FD00EB1C28 /* BCCAppExtension MessagesExtension */,
				C9076820285355FD00EB1C28 /* Frameworks */,
				C9076814285355FC00EB1C28 /* Products */,
			);
			sourceTree = "<group>";
		};
		C9076814285355FC00EB1C28 /* Products */ = {
			isa = PBXGroup;
			children = (
				C9076813285355FC00EB1C28 /* BCCAppExtension.app */,
				C907681C285355FD00EB1C28 /* BCCAppExtension MessagesExtension.appex */,
			);
			name = Products;
			sourceTree = "<group>";
		};
		C9076815285355FC00EB1C28 /* BCCAppExtension */ = {
			isa = PBXGroup;
			children = (
				C9076816285355FC00EB1C28 /* Assets.xcassets */,
			);
			path = BCCAppExtension;
			sourceTree = "<group>";
		};
		C9076820285355FD00EB1C28 /* Frameworks */ = {
			isa = PBXGroup;
			children = (
				C9076821285355FD00EB1C28 /* Messages.framework */,
			);
			name = Frameworks;
			sourceTree = "<group>";
		};
		C9076823285355FD00EB1C28 /* BCCAppExtension MessagesExtension */ = {
			isa = PBXGroup;
			children = (
				C90768352853565900EB1C28 /* BCCAppExtension MessagesExtension.entitlements */,
				C9076824285355FD00EB1C28 /* MessagesViewController.swift */,
				C9076826285355FD00EB1C28 /* MainInterface.storyboard */,
				C9076829285355FD00EB1C28 /* Assets.xcassets */,
				C907682B285355FD00EB1C28 /* Info.plist */,
			);
			path = "BCCAppExtension MessagesExtension";
			sourceTree = "<group>";
		};
/* End PBXGroup section */

/* Begin PBXNativeTarget section */
		C9076812285355FC00EB1C28 /* BCCAppExtension */ = {
			isa = PBXNativeTarget;
			buildConfigurationList = C9076832285355FD00EB1C28 /* Build configuration list for PBXNativeTarget "BCCAppExtension" */;
			buildPhases = (
				C9076811285355FC00EB1C28 /* Resources */,
				C9076831285355FD00EB1C28 /* Embed App Extensions */,
			);
			buildRules = (
			);
			dependencies = (
				C907681F285355FD00EB1C28 /* PBXTargetDependency */,
			);
			name = BCCAppExtension;
			productName = BCCAppExtension;
			productReference = C9076813285355FC00EB1C28 /* BCCAppExtension.app */;
			productType = "com.apple.product-type.application.messages";
		};
		C907681B285355FD00EB1C28 /* BCCAppExtension MessagesExtension */ = {
			isa = PBXNativeTarget;
			buildConfigurationList = C907682E285355FD00EB1C28 /* Build configuration list for PBXNativeTarget "BCCAppExtension MessagesExtension" */;
			buildPhases = (
				C9076818285355FD00EB1C28 /* Sources */,
				C9076819285355FD00EB1C28 /* Frameworks */,
				C907681A285355FD00EB1C28 /* Resources */,
			);
			buildRules = (
			);
			dependencies = (
			);
			name = "BCCAppExtension MessagesExtension";
			productName = "BCCAppExtension MessagesExtension";
			productReference = C907681C285355FD00EB1C28 /* BCCAppExtension MessagesExtension.appex */;
			productType = "com.apple.product-type.app-extension.messages";
		};
/* End PBXNativeTarget section */

/* Begin PBXProject section */
		C907680D285355FC00EB1C28 /* Project object */ = {
			isa = PBXProject;
			attributes = {
				BuildIndependentTargetsInParallel = 1;
				LastSwiftUpdateCheck = 1340;
				LastUpgradeCheck = 1340;
				TargetAttributes = {
					C9076812285355FC00EB1C28 = {
						CreatedOnToolsVersion = 13.4.1;
					};
					C907681B285355FD00EB1C28 = {
						CreatedOnToolsVersion = 13.4.1;
					};
				};
			};
			buildConfigurationList = C9076810285355FC00EB1C28 /* Build configuration list for PBXProject "BCCAppExtension" */;
			compatibilityVersion = "Xcode 13.0";
			developmentRegion = en;
			hasScannedForEncodings = 0;
			knownRegions = (
				en,
				Base,
			);
			mainGroup = C907680C285355FC00EB1C28;
			productRefGroup = C9076814285355FC00EB1C28 /* Products */;
			projectDirPath = "";
			projectRoot = "";
			targets = (
				C9076812285355FC00EB1C28 /* BCCAppExtension */,
				C907681B285355FD00EB1C28 /* BCCAppExtension MessagesExtension */,
			);
		};
/* End PBXProject section */

/* Begin PBXResourcesBuildPhase section */
		C9076811285355FC00EB1C28 /* Resources */ = {
			isa = PBXResourcesBuildPhase;
			buildActionMask = 2147483647;
			files = (
				C9076817285355FC00EB1C28 /* Assets.xcassets in Resources */,
			);
			runOnlyForDeploymentPostprocessing = 0;
		};
		C907681A285355FD00EB1C28 /* Resources */ = {
			isa = PBXResourcesBuildPhase;
			buildActionMask = 2147483647;
			files = (
				C907682A285355FD00EB1C28 /* Assets.xcassets in Resources */,
				C9076828285355FD00EB1C28 /* MainInterface.storyboard in Resources */,
			);
			runOnlyForDeploymentPostprocessing = 0;
		};
/* End PBXResourcesBuildPhase section */

/* Begin PBXSourcesBuildPhase section */
		C9076818285355FD00EB1C28 /* Sources */ = {
			isa = PBXSourcesBuildPhase;
			buildActionMask = 2147483647;
			files = (
				C9076825285355FD00EB1C28 /* MessagesViewController.swift in Sources */,
			);
			runOnlyForDeploymentPostprocessing = 0;
		};
/* End PBXSourcesBuildPhase section */

/* Begin PBXTargetDependency section */
		C907681F285355FD00EB1C28 /* PBXTargetDependency */ = {
			isa = PBXTargetDependency;
			target = C907681B285355FD00EB1C28 /* BCCAppExtension MessagesExtension */;
			targetProxy = C907681E285355FD00EB1C28 /* PBXContainerItemProxy */;
		};
/* End PBXTargetDependency section */

/* Begin PBXVariantGroup section */
		C9076826285355FD00EB1C28 /* MainInterface.storyboard */ = {
			isa = PBXVariantGroup;
			children = (
				C9076827285355FD00EB1C28 /* Base */,
			);
			name = MainInterface.storyboard;
			sourceTree = "<group>";
		};
/* End PBXVariantGroup section */

/* Begin XCBuildConfiguration section */
		C907682C285355FD00EB1C28 /* Debug */ = {
			isa = XCBuildConfiguration;
			buildSettings = {
				ALWAYS_SEARCH_USER_PATHS = NO;
				CLANG_ANALYZER_NONNULL = YES;
				CLANG_ANALYZER_NUMBER_OBJECT_CONVERSION = YES_AGGRESSIVE;
				CLANG_CXX_LANGUAGE_STANDARD = "gnu++17";
				CLANG_ENABLE_MODULES = YES;
				CLANG_ENABLE_OBJC_ARC = YES;
				CLANG_ENABLE_OBJC_WEAK = YES;
				CLANG_WARN_BLOCK_CAPTURE_AUTORELEASING = YES;
				CLANG_WARN_BOOL_CONVERSION = YES;
				CLANG_WARN_COMMA = YES;
				CLANG_WARN_CONSTANT_CONVERSION = YES;
				CLANG_WARN_DEPRECATED_OBJC_IMPLEMENTATIONS = YES;
				CLANG_WARN_DIRECT_OBJC_ISA_USAGE = YES_ERROR;
				CLANG_WARN_DOCUMENTATION_COMMENTS = YES;
				CLANG_WARN_EMPTY_BODY = YES;
				CLANG_WARN_ENUM_CONVERSION = YES;
				CLANG_WARN_INFINITE_RECURSION = YES;
				CLANG_WARN_INT_CONVERSION = YES;
				CLANG_WARN_NON_LITERAL_NULL_CONVERSION = YES;
				CLANG_WARN_OBJC_IMPLICIT_RETAIN_SELF = YES;
				CLANG_WARN_OBJC_LITERAL_CONVERSION = YES;
				CLANG_WARN_OBJC_ROOT_CLASS = YES_ERROR;
				CLANG_WARN_QUOTED_INCLUDE_IN_FRAMEWORK_HEADER = YES;
				CLANG_WARN_RANGE_LOOP_ANALYSIS = YES;
				CLANG_WARN_STRICT_PROTOTYPES = YES;
				CLANG_WARN_SUSPICIOUS_MOVE = YES;
				CLANG_WARN_UNGUARDED_AVAILABILITY = YES_AGGRESSIVE;
				CLANG_WARN_UNREACHABLE_CODE = YES;
				CLANG_WARN__DUPLICATE_METHOD_MATCH = YES;
				COPY_PHASE_STRIP = NO;
				DEBUG_INFORMATION_FORMAT = dwarf;
				ENABLE_STRICT_OBJC_MSGSEND = YES;
				ENABLE_TESTABILITY = YES;
				GCC_C_LANGUAGE_STANDARD = gnu11;
				GCC_DYNAMIC_NO_PIC = NO;
				GCC_NO_COMMON_BLOCKS = YES;
				GCC_OPTIMIZATION_LEVEL = 0;
				GCC_PREPROCESSOR_DEFINITIONS = (
					"DEBUG=1",
					"$(inherited)",
				);
				GCC_WARN_64_TO_32_BIT_CONVERSION = YES;
				GCC_WARN_ABOUT_RETURN_TYPE = YES_ERROR;
				GCC_WARN_UNDECLARED_SELECTOR = YES;
				GCC_WARN_UNINITIALIZED_AUTOS = YES_AGGRESSIVE;
				GCC_WARN_UNUSED_FUNCTION = YES;
				GCC_WARN_UNUSED_VARIABLE = YES;
				IPHONEOS_DEPLOYMENT_TARGET = 15.5;
				MTL_ENABLE_DEBUG_INFO = INCLUDE_SOURCE;
				MTL_FAST_MATH = YES;
				ONLY_ACTIVE_ARCH = YES;
				SDKROOT = iphoneos;
				SWIFT_ACTIVE_COMPILATION_CONDITIONS = DEBUG;
				SWIFT_OPTIMIZATION_LEVEL = "-Onone";
			};
			name = Debug;
		};
		C907682D285355FD00EB1C28 /* Release */ = {
			isa = XCBuildConfiguration;
			buildSettings = {
				ALWAYS_SEARCH_USER_PATHS = NO;
				CLANG_ANALYZER_NONNULL = YES;
				CLANG_ANALYZER_NUMBER_OBJECT_CONVERSION = YES_AGGRESSIVE;
				CLANG_CXX_LANGUAGE_STANDARD = "gnu++17";
				CLANG_ENABLE_MODULES = YES;
				CLANG_ENABLE_OBJC_ARC = YES;
				CLANG_ENABLE_OBJC_WEAK = YES;
				CLANG_WARN_BLOCK_CAPTURE_AUTORELEASING = YES;
				CLANG_WARN_BOOL_CONVERSION = YES;
				CLANG_WARN_COMMA = YES;
				CLANG_WARN_CONSTANT_CONVERSION = YES;
				CLANG_WARN_DEPRECATED_OBJC_IMPLEMENTATIONS = YES;
				CLANG_WARN_DIRECT_OBJC_ISA_USAGE = YES_ERROR;
				CLANG_WARN_DOCUMENTATION_COMMENTS = YES;
				CLANG_WARN_EMPTY_BODY = YES;
				CLANG_WARN_ENUM_CONVERSION = YES;
				CLANG_WARN_INFINITE_RECURSION = YES;
				CLANG_WARN_INT_CONVERSION = YES;
				CLANG_WARN_NON_LITERAL_NULL_CONVERSION = YES;
				CLANG_WARN_OBJC_IMPLICIT_RETAIN_SELF = YES;
				CLANG_WARN_OBJC_LITERAL_CONVERSION = YES;
				CLANG_WARN_OBJC_ROOT_CLASS = YES_ERROR;
				CLANG_WARN_QUOTED_INCLUDE_IN_FRAMEWORK_HEADER = YES;
				CLANG_WARN_RANGE_LOOP_ANALYSIS = YES;
				CLANG_WARN_STRICT_PROTOTYPES = YES;
				CLANG_WARN_SUSPICIOUS_MOVE = YES;
				CLANG_WARN_UNGUARDED_AVAILABILITY = YES_AGGRESSIVE;
				CLANG_WARN_UNREACHABLE_CODE = YES;
				CLANG_WARN__DUPLICATE_METHOD_MATCH = YES;
				COPY_PHASE_STRIP = NO;
				DEBUG_INFORMATION_FORMAT = "dwarf-with-dsym";
				ENABLE_NS_ASSERTIONS = NO;
				ENABLE_STRICT_OBJC_MSGSEND = YES;
				GCC_C_LANGUAGE_STANDARD = gnu11;
				GCC_NO_COMMON_BLOCKS = YES;
				GCC_WARN_64_TO_32_BIT_CONVERSION = YES;
				GCC_WARN_ABOUT_RETURN_TYPE = YES_ERROR;
				GCC_WARN_UNDECLARED_SELECTOR = YES;
				GCC_WARN_UNINITIALIZED_AUTOS = YES_AGGRESSIVE;
				GCC_WARN_UNUSED_FUNCTION = YES;
				GCC_WARN_UNUSED_VARIABLE = YES;
				IPHONEOS_DEPLOYMENT_TARGET = 15.5;
				MTL_ENABLE_DEBUG_INFO = NO;
				MTL_FAST_MATH = YES;
				SDKROOT = iphoneos;
				SWIFT_COMPILATION_MODE = wholemodule;
				SWIFT_OPTIMIZATION_LEVEL = "-O";
				VALIDATE_PRODUCT = YES;
			};
			name = Release;
		};
		C907682F285355FD00EB1C28 /* Debug */ = {
			isa = XCBuildConfiguration;
			buildSettings = {
				ASSETCATALOG_COMPILER_APPICON_NAME = "iMessage App Icon";
				CODE_SIGN_ENTITLEMENTS = "BCCAppExtension MessagesExtension/BCCAppExtension MessagesExtension.entitlements";
				CODE_SIGN_STYLE = Automatic;
				CURRENT_PROJECT_VERSION = 1;
				DEVELOPMENT_TEAM = 4S56UDY42S;
				GENERATE_INFOPLIST_FILE = YES;
				INFOPLIST_FILE = "BCCAppExtension MessagesExtension/Info.plist";
				INFOPLIST_KEY_CFBundleDisplayName = BCCAppExtension;
				INFOPLIST_KEY_NSHumanReadableCopyright = "";
				LD_RUNPATH_SEARCH_PATHS = (
					"$(inherited)",
					"@executable_path/Frameworks",
					"@executable_path/../../Frameworks",
				);
				MARKETING_VERSION = 1.0;
				PRODUCT_BUNDLE_IDENTIFIER = com.om.mandavia.BCCAppExtension.MessagesExtension;
				PRODUCT_NAME = "$(TARGET_NAME)";
				SKIP_INSTALL = YES;
				SWIFT_EMIT_LOC_STRINGS = YES;
				SWIFT_VERSION = 5.0;
				TARGETED_DEVICE_FAMILY = "1,2";
			};
			name = Debug;
		};
		C9076830285355FD00EB1C28 /* Release */ = {
			isa = XCBuildConfiguration;
			buildSettings = {
				ASSETCATALOG_COMPILER_APPICON_NAME = "iMessage App Icon";
				CODE_SIGN_ENTITLEMENTS = "BCCAppExtension MessagesExtension/BCCAppExtension MessagesExtension.entitlements";
				CODE_SIGN_STYLE = Automatic;
				CURRENT_PROJECT_VERSION = 1;
				DEVELOPMENT_TEAM = 4S56UDY42S;
				GENERATE_INFOPLIST_FILE = YES;
				INFOPLIST_FILE = "BCCAppExtension MessagesExtension/Info.plist";
				INFOPLIST_KEY_CFBundleDisplayName = BCCAppExtension;
				INFOPLIST_KEY_NSHumanReadableCopyright = "";
				LD_RUNPATH_SEARCH_PATHS = (
					"$(inherited)",
					"@executable_path/Frameworks",
					"@executable_path/../../Frameworks",
				);
				MARKETING_VERSION = 1.0;
				PRODUCT_BUNDLE_IDENTIFIER = com.om.mandavia.BCCAppExtension.MessagesExtension;
				PRODUCT_NAME = "$(TARGET_NAME)";
				SKIP_INSTALL = YES;
				SWIFT_EMIT_LOC_STRINGS = YES;
				SWIFT_VERSION = 5.0;
				TARGETED_DEVICE_FAMILY = "1,2";
			};
			name = Release;
		};
		C9076833285355FD00EB1C28 /* Debug */ = {
			isa = XCBuildConfiguration;
			buildSettings = {
				ALWAYS_EMBED_SWIFT_STANDARD_LIBRARIES = YES;
				ASSETCATALOG_COMPILER_APPICON_NAME = AppIcon;
				CODE_SIGN_STYLE = Automatic;
				CURRENT_PROJECT_VERSION = 1;
				DEVELOPMENT_TEAM = 4S56UDY42S;
				GENERATE_INFOPLIST_FILE = YES;
				INFOPLIST_KEY_UILaunchStoryboardName = LaunchScreen;
				INFOPLIST_KEY_UISupportedInterfaceOrientations_iPad = "UIInterfaceOrientationPortrait UIInterfaceOrientationPortraitUpsideDown UIInterfaceOrientationLandscapeLeft UIInterfaceOrientationLandscapeRight";
				INFOPLIST_KEY_UISupportedInterfaceOrientations_iPhone = "UIInterfaceOrientationPortrait UIInterfaceOrientationLandscapeLeft UIInterfaceOrientationLandscapeRight";
				MARKETING_VERSION = 1.0;
				PRODUCT_BUNDLE_IDENTIFIER = com.om.mandavia.BCCAppExtension;
				PRODUCT_NAME = "$(TARGET_NAME)";
				SWIFT_EMIT_LOC_STRINGS = YES;
				SWIFT_VERSION = 5.0;
				TARGETED_DEVICE_FAMILY = "1,2";
			};
			name = Debug;
		};
		C9076834285355FD00EB1C28 /* Release */ = {
			isa = XCBuildConfiguration;
			buildSettings = {
				ALWAYS_EMBED_SWIFT_STANDARD_LIBRARIES = YES;
				ASSETCATALOG_COMPILER_APPICON_NAME = AppIcon;
				CODE_SIGN_STYLE = Automatic;
				CURRENT_PROJECT_VERSION = 1;
				DEVELOPMENT_TEAM = 4S56UDY42S;
				GENERATE_INFOPLIST_FILE = YES;
				INFOPLIST_KEY_UILaunchStoryboardName = LaunchScreen;
				INFOPLIST_KEY_UISupportedInterfaceOrientations_iPad = "UIInterfaceOrientationPortrait UIInterfaceOrientationPortraitUpsideDown UIInterfaceOrientationLandscapeLeft UIInterfaceOrientationLandscapeRight";
				INFOPLIST_KEY_UISupportedInterfaceOrientations_iPhone = "UIInterfaceOrientationPortrait UIInterfaceOrientationLandscapeLeft UIInterfaceOrientationLandscapeRight";
				MARKETING_VERSION = 1.0;
				PRODUCT_BUNDLE_IDENTIFIER = com.om.mandavia.BCCAppExtension;
				PRODUCT_NAME = "$(TARGET_NAME)";
				SWIFT_EMIT_LOC_STRINGS = YES;
				SWIFT_VERSION = 5.0;
				TARGETED_DEVICE_FAMILY = "1,2";
			};
			name = Release;
		};
/* End XCBuildConfiguration section */

/* Begin XCConfigurationList section */
		C9076810285355FC00EB1C28 /* Build configuration list for PBXProject "BCCAppExtension" */ = {
			isa = XCConfigurationList;
			buildConfigurations = (
				C907682C285355FD00EB1C28 /* Debug */,
				C907682D285355FD00EB1C28 /* Release */,
			);
			defaultConfigurationIsVisible = 0;
			defaultConfigurationName = Release;
		};
		C907682E285355FD00EB1C28 /* Build configuration list for PBXNativeTarget "BCCAppExtension MessagesExtension" */ = {
			isa = XCConfigurationList;
			buildConfigurations = (
				C907682F285355FD00EB1C28 /* Debug */,
				C9076830285355FD00EB1C28 /* Release */,
			);
			defaultConfigurationIsVisible = 0;
			defaultConfigurationName = Release;
		};
		C9076832285355FD00EB1C28 /* Build configuration list for PBXNativeTarget "BCCAppExtension" */ = {
			isa = XCConfigurationList;
			buildConfigurations = (
				C9076833285355FD00EB1C28 /* Debug */,
				C9076834285355FD00EB1C28 /* Release */,
			);
			defaultConfigurationIsVisible = 0;
			defaultConfigurationName = Release;
		};
/* End XCConfigurationList section */
	};
	rootObject = C907680D285355FC00EB1C28 /* Project object */;
}
